
Microsoft Visual Studio Solution File, Format Version 12.00
# Visual Studio 14
VisualStudioVersion = 14.0.23107.0
MinimumVisualStudioVersion = 10.0.40219.1
Project("{FAE04EC0-301F-11D3-BF4B-00C04F79EFBC}") = "BingPhotoOfDayClient", "BingPhotoOfDayClient\BingPhotoOfDayClient.csproj", "{F1C9D155-99C7-4190-88AF-5647891811FF}"
EndProject
Global
	GlobalSection(SolutionConfigurationPlatforms) = preSolution
		Debug|Any CPU = Debug|Any CPU
		Release|Any CPU = Release|Any CPU
	EndGlobalSection
	GlobalSection(ProjectConfigurationPlatforms) = postSolution
		{F1C9D155-99C7-4190-88AF-5647891811FF}.Debug|Any CPU.ActiveCfg = Debug|Any CPU
		{F1C9D155-99C7-4190-88AF-5647891811FF}.Debug|Any CPU.Build.0 = Debug|Any CPU
		{F1C9D155-99C7-4190-88AF-5647891811FF}.Release|Any CPU.ActiveCfg = Release|Any CPU
		{F1C9D155-99C7-4190-88AF-5647891811FF}.Release|Any CPU.Build.0 = Release|Any CPU
	EndGlobalSection
	GlobalSection(SolutionProperties) = preSolution
		HideSolutionNode = FALSE
	EndGlobalSection
EndGlobal
